{
    "_meta": {
        "hash": {
            "sha256": "e91c0b0772e1016bfb6b286dad4a94e2a6444b97a9f2a10794db490003c5eba0"
        },
        "pipfile-spec": 6,
        "requires": {
            "python_version": "3.8"
        },
        "sources": [
            {
                "name": "pypi",
                "url": "https://pypi.org/simple",
                "verify_ssl": true
            }
        ]
    },
    "default": {
        "aiofiles": {
            "hashes": [
                "sha256:021ea0ba314a86027c166ecc4b4c07f2d40fc0f4b3a950d1868a0f2571c2bbee",
                "sha256:1e644c2573f953664368de28d2aa4c89dfd64550429d0c27c4680ccd3aa4985d"
            ],
            "index": "pypi",
            "version": "==0.4.0"
        },
        "aiohttp": {
            "hashes": [
                "sha256:1e984191d1ec186881ffaed4581092ba04f7c61582a177b187d3a2f07ed9719e",
                "sha256:259ab809ff0727d0e834ac5e8a283dc5e3e0ecc30c4d80b3cd17a4139ce1f326",
                "sha256:2f4d1a4fdce595c947162333353d4a44952a724fba9ca3205a3df99a33d1307a",
                "sha256:32e5f3b7e511aa850829fbe5aa32eb455e5534eaa4b1ce93231d00e2f76e5654",
                "sha256:344c780466b73095a72c616fac5ea9c4665add7fc129f285fbdbca3cccf4612a",
                "sha256:460bd4237d2dbecc3b5ed57e122992f60188afe46e7319116da5eb8a9dfedba4",
                "sha256:4c6efd824d44ae697814a2a85604d8e992b875462c6655da161ff18fd4f29f17",
                "sha256:50aaad128e6ac62e7bf7bd1f0c0a24bc968a0c0590a726d5a955af193544bcec",
                "sha256:6206a135d072f88da3e71cc501c59d5abffa9d0bb43269a6dcd28d66bfafdbdd",
                "sha256:65f31b622af739a802ca6fd1a3076fd0ae523f8485c52924a89561ba10c49b48",
                "sha256:ae55bac364c405caa23a4f2d6cfecc6a0daada500274ffca4a9230e7129eac59",
                "sha256:b778ce0c909a2653741cb4b1ac7015b5c130ab9c897611df43ae6a58523cb965"
            ],
            "index": "pypi",
            "version": "==3.6.2"
        },
        "async-timeout": {
            "hashes": [
                "sha256:0c3c816a028d47f659d6ff5c745cb2acf1f966da1fe5c19c77a70282b25f4c5f",
                "sha256:4291ca197d287d274d0b6cb5d6f8f8f82d434ed288f962539ff18cc9012f9ea3"
            ],
            "markers": "python_full_version >= '3.5.3'",
            "version": "==3.0.1"
        },
        "attrs": {
            "hashes": [
                "sha256:29adc2665447e5191d0e7c568fde78b21f9672d344281d0c6e1ab085429b22b6",
                "sha256:86efa402f67bf2df34f51a335487cf46b1ec130d02b8d39fd248abfd30da551c"
            ],
            "markers": "python_version >= '3.5'",
            "version": "==22.1.0"
        },
        "beautifulsoup4": {
            "hashes": [
                "sha256:05fd825eb01c290877657a56df4c6e4c311b3965bda790c613a3d6fb01a5462a",
                "sha256:9fbb4d6e48ecd30bcacc5b63b94088192dcda178513b2ae3c394229f8911b887",
                "sha256:e1505eeed31b0f4ce2dbb3bc8eb256c04cc2b3b72af7d551a4ab6efd5cbe5dae"
            ],
            "index": "pypi",
            "version": "==4.8.2"
        },
        "cachetools": {
            "hashes": [
                "sha256:6a94c6402995a99c3970cc7e4884bb60b4a8639938157eeed436098bf9831757",
                "sha256:f9f17d2aec496a9aa6b76f53e3b614c965223c061982d434d160f930c698a9db"
            ],
            "markers": "python_version ~= '3.7'",
            "version": "==5.2.0"
        },
        "certifi": {
            "hashes": [
                "sha256:35824b4c3a97115964b408844d64aa14db1cc518f6562e8d7261699d1350a9e3",
                "sha256:4ad3232f5e926d6718ec31cfc1fcadfde020920e278684144551c91769c7bc18"
            ],
            "index": "pypi",
            "version": "==2022.12.7"
        },
        "chardet": {
            "hashes": [
                "sha256:84ab92ed1c4d4f16916e05906b6b75a6c0fb5db821cc65e70cbd64a3e2a5eaae",
                "sha256:fc323ffcaeaed0e0a02bf4d117757b98aed530d9ed4531e3e15460124c106691"
            ],
            "version": "==3.0.4"
        },
        "charset-normalizer": {
            "hashes": [
                "sha256:5a3d016c7c547f69d6f81fb0db9449ce888b418b5b9952cc5e6e66843e9dd845",
                "sha256:83e9a75d1911279afd89352c68b45348559d1fc0506b054b346651b5e7fee29f"
            ],
            "markers": "python_version >= '3.6'",
            "version": "==2.1.1"
        },
        "google-api-python-client": {
            "hashes": [
                "sha256:3121d55d106ef1a2756e8074239512055bd99eb44da417b3dd680f9a1385adec",
                "sha256:a8a88174f66d92aed7ebbd73744c2c319b4b1ce828e565f9ec721352d2e2fb8c"
            ],
            "index": "pypi",
            "version": "==1.7.11"
        },
        "google-auth": {
            "hashes": [
                "sha256:6897b93556d8d807ad70701bb89f000183aea366ca7ed94680828b37437a4994",
                "sha256:72f12a6cfc968d754d7bdab369c5c5c16032106e52d32c6dfd8484e4c01a6d1f"
            ],
            "markers": "python_version >= '2.7' and python_version not in '3.0, 3.1, 3.2, 3.3, 3.4, 3.5'",
            "version": "==2.15.0"
        },
        "google-auth-httplib2": {
            "hashes": [
                "sha256:31e49c36c6b5643b57e82617cb3e021e3e1d2df9da63af67252c02fa9c1f4a10",
                "sha256:a07c39fd632becacd3f07718dfd6021bf396978f03ad3ce4321d060015cc30ac"
            ],
            "version": "==0.1.0"
        },
        "google-auth-oauthlib": {
            "hashes": [
                "sha256:88d2cd115e3391eb85e1243ac6902e76e77c5fe438b7276b297fbe68015458dd",
                "sha256:a92a0f6f41a0fb6138454fbc02674e64f89d82a244ea32f98471733c8ef0e0e1"
            ],
            "index": "pypi",
            "version": "==0.4.1"
        },
        "httplib2": {
            "hashes": [
                "sha256:987c8bb3eb82d3fa60c68699510a692aa2ad9c4bd4f123e51dfb1488c14cdd01",
                "sha256:fc144f091c7286b82bec71bdbd9b27323ba709cc612568d3000893bfd9cb4b34"
            ],
            "markers": "python_version >= '2.7' and python_version not in '3.0, 3.1, 3.2, 3.3'",
            "version": "==0.21.0"
        },
        "idna": {
            "hashes": [
                "sha256:814f528e8dead7d329833b91c5faa87d60bf71824cd12a7530b5526063d02cb4",
                "sha256:90b77e79eaa3eba6de819a0c442c0b4ceefc341a7a2ab77d7562bf49f425c5c2"
            ],
            "markers": "python_version >= '3.5'",
            "version": "==3.4"
        },
        "multidict": {
            "hashes": [
                "sha256:1ece5a3369835c20ed57adadc663400b5525904e53bae59ec854a5d36b39b21a",
                "sha256:275ca32383bc5d1894b6975bb4ca6a7ff16ab76fa622967625baeebcf8079000",
                "sha256:3750f2205b800aac4bb03b5ae48025a64e474d2c6cc79547988ba1d4122a09e2",
                "sha256:4538273208e7294b2659b1602490f4ed3ab1c8cf9dbdd817e0e9db8e64be2507",
                "sha256:5141c13374e6b25fe6bf092052ab55c0c03d21bd66c94a0e3ae371d3e4d865a5",
                "sha256:51a4d210404ac61d32dada00a50ea7ba412e6ea945bbe992e4d7a595276d2ec7",
                "sha256:5cf311a0f5ef80fe73e4f4c0f0998ec08f954a6ec72b746f3c179e37de1d210d",
                "sha256:6513728873f4326999429a8b00fc7ceddb2509b01d5fd3f3be7881a257b8d463",
                "sha256:7388d2ef3c55a8ba80da62ecfafa06a1c097c18032a501ffd4cabbc52d7f2b19",
                "sha256:9456e90649005ad40558f4cf51dbb842e32807df75146c6d940b6f5abb4a78f3",
                "sha256:c026fe9a05130e44157b98fea3ab12969e5b60691a276150db9eda71710cd10b",
                "sha256:d14842362ed4cf63751648e7672f7174c9818459d169231d03c56e84daf90b7c",
                "sha256:e0d072ae0f2a179c375f67e3da300b47e1a83293c554450b29c900e50afaae87",
                "sha256:f07acae137b71af3bb548bd8da720956a3bc9f9a0b87733e0899226a2317aeb7",
                "sha256:fbb77a75e529021e7c4a8d4e823d88ef4d23674a202be4f5addffc72cbb91430",
                "sha256:fcfbb44c59af3f8ea984de67ec7c306f618a3ec771c2843804069917a8f2e255",
                "sha256:feed85993dbdb1dbc29102f50bca65bdc68f2c0c8d352468c25b54874f23c39d"
            ],
            "markers": "python_version >= '3.5'",
            "version": "==4.7.6"
        },
        "oauthlib": {
            "hashes": [
                "sha256:8139f29aac13e25d502680e9e19963e83f16838d48a0d71c287fe40e7067fbca",
                "sha256:9859c40929662bec5d64f34d01c99e093149682a3f38915dc0655d5a633dd918"
            ],
            "markers": "python_version >= '3.6'",
            "version": "==3.2.2"
        },
        "pyasn1": {
            "hashes": [
                "sha256:014c0e9976956a08139dc0712ae195324a75e142284d5f87f1a87ee1b068a359",
                "sha256:03840c999ba71680a131cfaee6fab142e1ed9bbd9c693e285cc6aca0d555e576",
                "sha256:0458773cfe65b153891ac249bcf1b5f8f320b7c2ce462151f8fa74de8934becf",
                "sha256:08c3c53b75eaa48d71cf8c710312316392ed40899cb34710d092e96745a358b7",
                "sha256:39c7e2ec30515947ff4e87fb6f456dfc6e84857d34be479c9d4a4ba4bf46aa5d",
                "sha256:5c9414dcfede6e441f7e8f81b43b34e834731003427e5b09e4e00e3172a10f00",
                "sha256:6e7545f1a61025a4e58bb336952c5061697da694db1cae97b116e9c46abcf7c8",
                "sha256:78fa6da68ed2727915c4767bb386ab32cdba863caa7dbe473eaae45f9959da86",
                "sha256:7ab8a544af125fb704feadb008c99a88805126fb525280b2270bb25cc1d78a12",
                "sha256:99fcc3c8d804d1bc6d9a099921e39d827026409a58f2a720dcdb89374ea0c776",
                "sha256:aef77c9fb94a3ac588e87841208bdec464471d9871bd5050a287cc9a475cd0ba",
                "sha256:e89bf84b5437b532b0803ba5c9a5e054d21fec423a89952a74f87fa2c9b7bce2",
                "sha256:fec3e9d8e36808a28efb59b489e4528c10ad0f480e57dcc32b4de5c9d8c9fdf3"
            ],
            "version": "==0.4.8"
        },
        "pyasn1-modules": {
            "hashes": [
                "sha256:0845a5582f6a02bb3e1bde9ecfc4bfcae6ec3210dd270522fee602365430c3f8",
                "sha256:0fe1b68d1e486a1ed5473f1302bd991c1611d319bba158e98b106ff86e1d7199",
                "sha256:15b7c67fabc7fc240d87fb9aabf999cf82311a6d6fb2c70d00d3d0604878c811",
                "sha256:426edb7a5e8879f1ec54a1864f16b882c2837bfd06eee62f2c982315ee2473ed",
                "sha256:65cebbaffc913f4fe9e4808735c95ea22d7a7775646ab690518c056784bc21b4",
                "sha256:905f84c712230b2c592c19470d3ca8d552de726050d1d1716282a1f6146be65e",
                "sha256:a50b808ffeb97cb3601dd25981f6b016cbb3d31fbf57a8b8a87428e6158d0c74",
                "sha256:a99324196732f53093a84c4369c996713eb8c89d360a496b599fb1a9c47fc3eb",
                "sha256:b80486a6c77252ea3a3e9b1e360bc9cf28eaac41263d173c032581ad2f20fe45",
                "sha256:c29a5e5cc7a3f05926aff34e097e84f8589cd790ce0ed41b67aed6857b26aafd",
                "sha256:cbac4bc38d117f2a49aeedec4407d23e8866ea4ac27ff2cf7fb3e5b570df19e0",
                "sha256:f39edd8c4ecaa4556e989147ebf219227e2cd2e8a43c7e7fcb1f1c18c5fd6a3d",
                "sha256:fe0644d9ab041506b62782e92b06b8c68cca799e1a9636ec398675459e031405"
            ],
            "version": "==0.2.8"
        },
        "pyparsing": {
            "hashes": [
                "sha256:2b020ecf7d21b687f219b71ecad3631f644a47f01403fa1d1036b0c6416d70fb",
                "sha256:5026bae9a10eeaefb61dab2f09052b9f4307d44aee4eda64b309723d8d206bbc"
            ],
            "markers": "python_version >= '3.1'",
            "version": "==3.0.9"
        },
        "requests": {
            "hashes": [
                "sha256:7c5599b102feddaa661c826c56ab4fee28bfd17f5abca1ebbe3e7f19d7c97983",
                "sha256:8fefa2a1a1365bf5520aac41836fbee479da67864514bdb821f31ce07ce65349"
            ],
            "markers": "python_version >= '3.7' and python_version < '4'",
            "version": "==2.28.1"
        },
        "requests-oauthlib": {
            "hashes": [
                "sha256:2577c501a2fb8d05a304c09d090d6e47c306fef15809d102b327cf8364bddab5",
                "sha256:75beac4a47881eeb94d5ea5d6ad31ef88856affe2332b9aafb52c6452ccf0d7a"
            ],
            "markers": "python_version >= '2.7' and python_version not in '3.0, 3.1, 3.2, 3.3'",
            "version": "==1.3.1"
        },
        "rsa": {
            "hashes": [
                "sha256:90260d9058e514786967344d0ef75fa8727eed8a7d2e43ce9f4bcf1b536174f7",
                "sha256:e38464a49c6c85d7f1351b0126661487a7e0a14a50f1675ec50eb34d4f20ef21"
            ],
            "markers": "python_version >= '3.6'",
            "version": "==4.9"
        },
        "six": {
            "hashes": [
                "sha256:1e61c37477a1626458e36f7b1d82aa5c9b094fa4802892072e49de9c60c4c926",
                "sha256:8abb2f1d86890a2dfb989f9a77cfcfd3e47c2a354b01111771326f8aa26e0254"
            ],
            "markers": "python_version >= '2.7' and python_version not in '3.0, 3.1, 3.2, 3.3'",
            "version": "==1.16.0"
        },
        "soupsieve": {
            "hashes": [
                "sha256:3b2503d3c7084a42b1ebd08116e5f81aadfaea95863628c80a3b774a11b7c759",
                "sha256:fc53893b3da2c33de295667a0e19f078c14bf86544af307354de5fcf12a3f30d"
            ],
            "markers": "python_version >= '3.6'",
            "version": "==2.3.2.post1"
        },
        "uritemplate": {
            "hashes": [
                "sha256:07620c3f3f8eed1f12600845892b0e036a2420acf513c53f7de0abd911a5894f",
                "sha256:5af8ad10cec94f215e3f48112de2022e1d5a37ed427fbd88652fa908f2ab7cae"
            ],
            "markers": "python_version >= '2.7' and python_version not in '3.0, 3.1, 3.2, 3.3'",
            "version": "==3.0.1"
        },
        "urllib3": {
            "hashes": [
                "sha256:47cc05d99aaa09c9e72ed5809b60e7ba354e64b59c9c173ac3018642d8bb41fc",
                "sha256:c083dd0dce68dbfbe1129d5271cb90f9447dea7d52097c6e0126120c521ddea8"
            ],
            "markers": "python_version >= '2.7' and python_version not in '3.0, 3.1, 3.2, 3.3, 3.4, 3.5'",
            "version": "==1.26.13"
        },
        "yarl": {
            "hashes": [
                "sha256:009a028127e0a1755c38b03244c0bea9d5565630db9c4cf9572496e947137a87",
                "sha256:0414fd91ce0b763d4eadb4456795b307a71524dbacd015c657bb2a39db2eab89",
                "sha256:0978f29222e649c351b173da2b9b4665ad1feb8d1daa9d971eb90df08702668a",
                "sha256:0ef8fb25e52663a1c85d608f6dd72e19bd390e2ecaf29c17fb08f730226e3a08",
                "sha256:10b08293cda921157f1e7c2790999d903b3fd28cd5c208cf8826b3b508026996",
                "sha256:1684a9bd9077e922300ecd48003ddae7a7474e0412bea38d4631443a91d61077",
                "sha256:1b372aad2b5f81db66ee7ec085cbad72c4da660d994e8e590c997e9b01e44901",
                "sha256:1e21fb44e1eff06dd6ef971d4bdc611807d6bd3691223d9c01a18cec3677939e",
                "sha256:2305517e332a862ef75be8fad3606ea10108662bc6fe08509d5ca99503ac2aee",
                "sha256:24ad1d10c9db1953291f56b5fe76203977f1ed05f82d09ec97acb623a7976574",
                "sha256:272b4f1599f1b621bf2aabe4e5b54f39a933971f4e7c9aa311d6d7dc06965165",
                "sha256:2a1fca9588f360036242f379bfea2b8b44cae2721859b1c56d033adfd5893634",
                "sha256:2b4fa2606adf392051d990c3b3877d768771adc3faf2e117b9de7eb977741229",
                "sha256:3150078118f62371375e1e69b13b48288e44f6691c1069340081c3fd12c94d5b",
                "sha256:326dd1d3caf910cd26a26ccbfb84c03b608ba32499b5d6eeb09252c920bcbe4f",
                "sha256:34c09b43bd538bf6c4b891ecce94b6fa4f1f10663a8d4ca589a079a5018f6ed7",
                "sha256:388a45dc77198b2460eac0aca1efd6a7c09e976ee768b0d5109173e521a19daf",
                "sha256:3adeef150d528ded2a8e734ebf9ae2e658f4c49bf413f5f157a470e17a4a2e89",
                "sha256:3edac5d74bb3209c418805bda77f973117836e1de7c000e9755e572c1f7850d0",
                "sha256:3f6b4aca43b602ba0f1459de647af954769919c4714706be36af670a5f44c9c1",
                "sha256:3fc056e35fa6fba63248d93ff6e672c096f95f7836938241ebc8260e062832fe",
                "sha256:418857f837347e8aaef682679f41e36c24250097f9e2f315d39bae3a99a34cbf",
                "sha256:42430ff511571940d51e75cf42f1e4dbdded477e71c1b7a17f4da76c1da8ea76",
                "sha256:44ceac0450e648de86da8e42674f9b7077d763ea80c8ceb9d1c3e41f0f0a9951",
                "sha256:47d49ac96156f0928f002e2424299b2c91d9db73e08c4cd6742923a086f1c863",
                "sha256:48dd18adcf98ea9cd721a25313aef49d70d413a999d7d89df44f469edfb38a06",
                "sha256:49d43402c6e3013ad0978602bf6bf5328535c48d192304b91b97a3c6790b1562",
                "sha256:4d04acba75c72e6eb90745447d69f84e6c9056390f7a9724605ca9c56b4afcc6",
                "sha256:57a7c87927a468e5a1dc60c17caf9597161d66457a34273ab1760219953f7f4c",
                "sha256:58a3c13d1c3005dbbac5c9f0d3210b60220a65a999b1833aa46bd6677c69b08e",
                "sha256:5df5e3d04101c1e5c3b1d69710b0574171cc02fddc4b23d1b2813e75f35a30b1",
                "sha256:63243b21c6e28ec2375f932a10ce7eda65139b5b854c0f6b82ed945ba526bff3",
                "sha256:64dd68a92cab699a233641f5929a40f02a4ede8c009068ca8aa1fe87b8c20ae3",
                "sha256:6604711362f2dbf7160df21c416f81fac0de6dbcf0b5445a2ef25478ecc4c778",
                "sha256:6c4fcfa71e2c6a3cb568cf81aadc12768b9995323186a10827beccf5fa23d4f8",
                "sha256:6d88056a04860a98341a0cf53e950e3ac9f4e51d1b6f61a53b0609df342cc8b2",
                "sha256:705227dccbe96ab02c7cb2c43e1228e2826e7ead880bb19ec94ef279e9555b5b",
                "sha256:728be34f70a190566d20aa13dc1f01dc44b6aa74580e10a3fb159691bc76909d",
                "sha256:74dece2bfc60f0f70907c34b857ee98f2c6dd0f75185db133770cd67300d505f",
                "sha256:75c16b2a900b3536dfc7014905a128a2bea8fb01f9ee26d2d7d8db0a08e7cb2c",
                "sha256:77e913b846a6b9c5f767b14dc1e759e5aff05502fe73079f6f4176359d832581",
                "sha256:7a66c506ec67eb3159eea5096acd05f5e788ceec7b96087d30c7d2865a243918",
                "sha256:8c46d3d89902c393a1d1e243ac847e0442d0196bbd81aecc94fcebbc2fd5857c",
                "sha256:93202666046d9edadfe9f2e7bf5e0782ea0d497b6d63da322e541665d65a044e",
                "sha256:97209cc91189b48e7cfe777237c04af8e7cc51eb369004e061809bcdf4e55220",
                "sha256:a48f4f7fea9a51098b02209d90297ac324241bf37ff6be6d2b0149ab2bd51b37",
                "sha256:a783cd344113cb88c5ff7ca32f1f16532a6f2142185147822187913eb989f739",
                "sha256:ae0eec05ab49e91a78700761777f284c2df119376e391db42c38ab46fd662b77",
                "sha256:ae4d7ff1049f36accde9e1ef7301912a751e5bae0a9d142459646114c70ecba6",
                "sha256:b05df9ea7496df11b710081bd90ecc3a3db6adb4fee36f6a411e7bc91a18aa42",
                "sha256:baf211dcad448a87a0d9047dc8282d7de59473ade7d7fdf22150b1d23859f946",
                "sha256:bb81f753c815f6b8e2ddd2eef3c855cf7da193b82396ac013c661aaa6cc6b0a5",
                "sha256:bcd7bb1e5c45274af9a1dd7494d3c52b2be5e6bd8d7e49c612705fd45420b12d",
                "sha256:bf071f797aec5b96abfc735ab97da9fd8f8768b43ce2abd85356a3127909d146",
                "sha256:c15163b6125db87c8f53c98baa5e785782078fbd2dbeaa04c6141935eb6dab7a",
                "sha256:cb6d48d80a41f68de41212f3dfd1a9d9898d7841c8f7ce6696cf2fd9cb57ef83",
                "sha256:ceff9722e0df2e0a9e8a79c610842004fa54e5b309fe6d218e47cd52f791d7ef",
                "sha256:cfa2bbca929aa742b5084fd4663dd4b87c191c844326fcb21c3afd2d11497f80",
                "sha256:d617c241c8c3ad5c4e78a08429fa49e4b04bedfc507b34b4d8dceb83b4af3588",
                "sha256:d881d152ae0007809c2c02e22aa534e702f12071e6b285e90945aa3c376463c5",
                "sha256:da65c3f263729e47351261351b8679c6429151ef9649bba08ef2528ff2c423b2",
                "sha256:de986979bbd87272fe557e0a8fcb66fd40ae2ddfe28a8b1ce4eae22681728fef",
                "sha256:df60a94d332158b444301c7f569659c926168e4d4aad2cfbf4bce0e8fb8be826",
                "sha256:dfef7350ee369197106805e193d420b75467b6cceac646ea5ed3049fcc950a05",
                "sha256:e59399dda559688461762800d7fb34d9e8a6a7444fd76ec33220a926c8be1516",
                "sha256:e6f3515aafe0209dd17fb9bdd3b4e892963370b3de781f53e1746a521fb39fc0",
                "sha256:e7fd20d6576c10306dea2d6a5765f46f0ac5d6f53436217913e952d19237efc4",
                "sha256:ebb78745273e51b9832ef90c0898501006670d6e059f2cdb0e999494eb1450c2",
                "sha256:efff27bd8cbe1f9bd127e7894942ccc20c857aa8b5a0327874f30201e5ce83d0",
                "sha256:f37db05c6051eff17bc832914fe46869f8849de5b92dc4a3466cd63095d23dfd",
                "sha256:f8ca8ad414c85bbc50f49c0a106f951613dfa5f948ab69c10ce9b128d368baf8",
                "sha256:fb742dcdd5eec9f26b61224c23baea46c9055cf16f62475e11b9b15dfd5c117b",
                "sha256:fc77086ce244453e074e445104f0ecb27530d6fd3a46698e33f6c38951d5a0f1",
                "sha256:ff205b58dc2929191f68162633d5e10e8044398d7a45265f90a0f1d51f85f72c"
            ],
            "markers": "python_version >= '3.7'",
            "version": "==1.8.2"
        }
    },
    "develop": {}
}
